{
  "version": 4,
  "terraform_version": "1.5.0",
  "serial": 48,
  "lineage": "5b1a7b99-c667-f6cf-ca31-15abfb4d6c9b",
  "outputs": {},
  "resources": [
    {
      "mode": "data",
      "type": "aws_ami",
      "name": "ec2_ami_base",
      "provider": "provider[\"registry.terraform.io/hashicorp/aws\"]",
      "instances": [
        {
          "schema_version": 0,
          "attributes": {
            "architecture": "x86_64",
            "arn": "arn:aws:ec2:eu-west-1::image/ami-0fdb971723444e986",
            "block_device_mappings": [
              {
                "device_name": "/dev/xvda",
                "ebs": {
                  "delete_on_termination": "true",
                  "encrypted": "false",
                  "iops": "3000",
                  "snapshot_id": "snap-01119b9f04eb4a41f",
                  "throughput": "125",
                  "volume_size": "8",
                  "volume_type": "gp3"
                },
                "no_device": "",
                "virtual_name": ""
              }
            ],
            "boot_mode": "uefi-preferred",
            "creation_date": "2023-07-13T22:31:00.000Z",
            "deprecation_time": "",
            "description": "",
            "ena_support": true,
            "executable_users": null,
            "filter": [
              {
                "name": "name",
                "values": [
                  "ami-beniaws-base-*"
                ]
              }
            ],
            "hypervisor": "xen",
            "id": "ami-0fdb971723444e986",
            "image_id": "ami-0fdb971723444e986",
            "image_location": "320413867981/ami-beniaws-base-2023-07-13-T102817",
            "image_owner_alias": "",
            "image_type": "machine",
            "imds_support": "v2.0",
            "include_deprecated": false,
            "kernel_id": "",
            "most_recent": true,
            "name": "ami-beniaws-base-2023-07-13-T102817",
            "name_regex": null,
            "owner_id": "320413867981",
            "owners": [
              "320413867981"
            ],
            "platform": "",
            "platform_details": "Linux/UNIX",
            "product_codes": [],
            "public": false,
            "ramdisk_id": "",
            "root_device_name": "/dev/xvda",
            "root_device_type": "ebs",
            "root_snapshot_id": "snap-01119b9f04eb4a41f",
            "sriov_net_support": "simple",
            "state": "available",
            "state_reason": {
              "code": "UNSET",
              "message": "UNSET"
            },
            "tags": {
              "Base_AMI_ID": "ami-0fb2f0b847d44d4f0",
              "Base_AMI_Name": "al2023-ami-2023.1.20230705.0-kernel-6.1-x86_64",
              "Name": "ami-beniaws-base-2023-07-13-T102817",
              "business_unit": "infrastructure",
              "environment": "beniaws"
            },
            "timeouts": null,
            "tpm_support": "",
            "usage_operation": "RunInstances",
            "virtualization_type": "hvm"
          },
          "sensitive_attributes": []
        }
      ]
    },
    {
      "mode": "data",
      "type": "aws_subnets",
      "name": "filter",
      "provider": "provider[\"registry.terraform.io/hashicorp/aws\"]",
      "instances": [
        {
          "schema_version": 0,
          "attributes": {
            "filter": [
              {
                "name": "tag:Name",
                "values": [
                  "vpc-subnet-beniaws-privatedefaultvpc-*"
                ]
              }
            ],
            "id": "eu-west-1",
            "ids": [
              "subnet-0bdacebe2526dc348"
            ],
            "tags": null,
            "timeouts": null
          },
          "sensitive_attributes": []
        }
      ]
    },
    {
      "mode": "data",
      "type": "template_file",
      "name": "cloudinit_provisioner",
      "provider": "provider[\"registry.terraform.io/hashicorp/template\"]",
      "instances": [
        {
          "schema_version": 0,
          "attributes": {
            "filename": null,
            "id": "ca47b2e698df09a2649c3b72d672c518a9508108d690a8f64dcba65bf5b1f3e8",
            "rendered": "#cloud-config\npackage_upgrade: true\n\npreserve_hostname: false\ntimezone: UTC\n\nusers:\n  - default\n  - name: ssh-user\n    passwd: $6$rounds=4096$0.bzThcQ9t$dAAFjc6kIDInkt4g4wh2SVzNohtDKAFKe3Rr4zMszEKlAn9GFa6s7j/HSry.bU25fPyltqYBX35Cu5Z2eb6oI.\n    # ssh-us3r\n    primary_group: ssh-user\n    groups: ssh-user\n    sudo:\n      - ALL=(ALL) NOPASSWD:ALL\n    lock-passwd: false\n    ssh_pwauth: true\n    ssh-authorized-keys:\n      - ssh-rsa AAAAB3NzaC1yc2EAAAADAQABAAABgQC+HBcDaFtNXVKLL0cGtCwT/l+HoUQIAiUF+ELwhYdJlz1crZCdY5UeBr1OPOeoqjHIGbVuEx7RcHhgfoeQuvibuDbUWj3BHcpYGFt+M3R+KgVFIXoXhMtQ1ymQugx54wubAtzhTKeuleRZ7mrJ9tgcE5d2mvqciz+Xhhw94g4y/0AwX61mGrSku14Fpv/5vRLcCsBjt+ZdHy1xkQFeTllpYdJmpzsTikPpyxYhHLc215iW0E4+1DHJ3yhZc4t2QrKaLQSWNhWIKtjWWMcjuEq3sWHRih4aTvhKTAeLzWQ/5BdiwJok5VWH23scw1dS3yHDmBsro3kJMwMnwQ956iaxTGoWOzUVr3a/gZuwTi/M4m/qiHlR5c0IVhbTXMVtKF4rZhjzycTuvhogi5IJiOprEld98dbqF0dzR1ys4njg290jMjSMkKDhMpn0UfqYj8xwEKjU6zyqLqzXq9ysJBzEfAtdSbc9gLqP4uU7SuUXQRnysT0lNn87PAvsMRS0Hmc= benitodarder@WINFACE01\n      \n\n\nruncmd:\n  - sed -i 's/^PasswordAuthentication\\ no/PasswordAuthentication\\ yes/g' /etc/ssh/sshd_config\n  - [/usr/bin/systemctl, restart, sshd]\n  - touch /root/instaceWasHere\n",
            "template": "#cloud-config\npackage_upgrade: true\n\npreserve_hostname: false\ntimezone: UTC\n\nusers:\n  - default\n  - name: ssh-user\n    passwd: $6$rounds=4096$0.bzThcQ9t$dAAFjc6kIDInkt4g4wh2SVzNohtDKAFKe3Rr4zMszEKlAn9GFa6s7j/HSry.bU25fPyltqYBX35Cu5Z2eb6oI.\n    # ssh-us3r\n    primary_group: ssh-user\n    groups: ssh-user\n    sudo:\n      - ALL=(ALL) NOPASSWD:ALL\n    lock-passwd: false\n    ssh_pwauth: true\n    ssh-authorized-keys:\n      - ssh-rsa AAAAB3NzaC1yc2EAAAADAQABAAABgQC+HBcDaFtNXVKLL0cGtCwT/l+HoUQIAiUF+ELwhYdJlz1crZCdY5UeBr1OPOeoqjHIGbVuEx7RcHhgfoeQuvibuDbUWj3BHcpYGFt+M3R+KgVFIXoXhMtQ1ymQugx54wubAtzhTKeuleRZ7mrJ9tgcE5d2mvqciz+Xhhw94g4y/0AwX61mGrSku14Fpv/5vRLcCsBjt+ZdHy1xkQFeTllpYdJmpzsTikPpyxYhHLc215iW0E4+1DHJ3yhZc4t2QrKaLQSWNhWIKtjWWMcjuEq3sWHRih4aTvhKTAeLzWQ/5BdiwJok5VWH23scw1dS3yHDmBsro3kJMwMnwQ956iaxTGoWOzUVr3a/gZuwTi/M4m/qiHlR5c0IVhbTXMVtKF4rZhjzycTuvhogi5IJiOprEld98dbqF0dzR1ys4njg290jMjSMkKDhMpn0UfqYj8xwEKjU6zyqLqzXq9ysJBzEfAtdSbc9gLqP4uU7SuUXQRnysT0lNn87PAvsMRS0Hmc= benitodarder@WINFACE01\n      \n\n\nruncmd:\n  - sed -i 's/^PasswordAuthentication\\ no/PasswordAuthentication\\ yes/g' /etc/ssh/sshd_config\n  - [/usr/bin/systemctl, restart, sshd]\n  - touch /root/instaceWasHere\n",
            "vars": {
              "region": "eu-west-1"
            }
          },
          "sensitive_attributes": []
        }
      ]
    },
    {
      "mode": "data",
      "type": "template_file",
      "name": "efs_policy",
      "provider": "provider[\"registry.terraform.io/hashicorp/template\"]",
      "instances": [
        {
          "schema_version": 0,
          "attributes": {
            "filename": null,
            "id": "85695f4c6af5e1730df414c75a48a1a4962483d3ba365b9d3def170f2d601266",
            "rendered": "{\n    \"Version\": \"2012-10-17\",\n    \"Statement\": [\n        {\n            \"Sid\": \"AllowEFSDescribeSystems\",\n            \"Effect\": \"Allow\",\n            \"Action\": [\n                \"elasticfilesystem:DescribeAccessPoints\",\n                \"elasticfilesystem:DescribeFileSystems\"\n            ],\n            \"Resource\": \"arn:aws:elasticfilesystem:*:320413867981:file-system/*\"\n        },\n        {\n            \"Sid\": \"AllowEFSDescribe\",\n            \"Effect\": \"Allow\",\n            \"Action\": \"elasticfilesystem:DescribeAccountPreferences\",\n            \"Resource\": \"*\"\n        }\n    ]\n}",
            "template": "{\n    \"Version\": \"2012-10-17\",\n    \"Statement\": [\n        {\n            \"Sid\": \"AllowEFSDescribeSystems\",\n            \"Effect\": \"Allow\",\n            \"Action\": [\n                \"elasticfilesystem:DescribeAccessPoints\",\n                \"elasticfilesystem:DescribeFileSystems\"\n            ],\n            \"Resource\": \"arn:aws:elasticfilesystem:*:${account_id}:file-system/*\"\n        },\n        {\n            \"Sid\": \"AllowEFSDescribe\",\n            \"Effect\": \"Allow\",\n            \"Action\": \"elasticfilesystem:DescribeAccountPreferences\",\n            \"Resource\": \"*\"\n        }\n    ]\n}",
            "vars": {
              "account_id": "320413867981"
            }
          },
          "sensitive_attributes": []
        }
      ]
    },
    {
      "mode": "data",
      "type": "template_file",
      "name": "secrets_policy",
      "provider": "provider[\"registry.terraform.io/hashicorp/template\"]",
      "instances": [
        {
          "schema_version": 0,
          "attributes": {
            "filename": null,
            "id": "4d353349885d683ae9e60a51a55d4408850e6ef7e6f0c879e0390a3106d045c2",
            "rendered": "{\n    \"Version\": \"2012-10-17\",\n    \"Statement\": [\n        {\n            \"Sid\": \"AllowGetSecretVAlue\",\n            \"Effect\": \"Allow\",\n            \"Action\": [\n                \"secretsmanager:GetSecretValue\"\n            ],\n            \"Resource\": \"arn:aws:secretsmanager:eu-west-1:320413867981:secret:*\"\n        }\n    ]\n}",
            "template": "{\n    \"Version\": \"2012-10-17\",\n    \"Statement\": [\n        {\n            \"Sid\": \"AllowGetSecretVAlue\",\n            \"Effect\": \"Allow\",\n            \"Action\": [\n                \"secretsmanager:GetSecretValue\"\n            ],\n            \"Resource\": \"arn:aws:secretsmanager:${region}:${account_id}:secret:*\"\n        }\n    ]\n}",
            "vars": {
              "account_id": "320413867981",
              "region": "eu-west-1"
            }
          },
          "sensitive_attributes": []
        }
      ]
    },
    {
      "mode": "managed",
      "type": "aws_lb",
      "name": "network",
      "provider": "provider[\"registry.terraform.io/hashicorp/aws\"]",
      "instances": [
        {
          "schema_version": 0,
          "attributes": {
            "access_logs": [
              {
                "bucket": "",
                "enabled": false,
                "prefix": ""
              }
            ],
            "arn": "arn:aws:elasticloadbalancing:eu-west-1:320413867981:loadbalancer/net/tf-lb-20230716083527110000000001/80b49d678edec318",
            "arn_suffix": "net/tf-lb-20230716083527110000000001/80b49d678edec318",
            "customer_owned_ipv4_pool": "",
            "desync_mitigation_mode": null,
            "dns_name": "tf-lb-20230716083527110000000001-80b49d678edec318.elb.eu-west-1.amazonaws.com",
            "drop_invalid_header_fields": null,
            "enable_cross_zone_load_balancing": true,
            "enable_deletion_protection": false,
            "enable_http2": null,
            "enable_tls_version_and_cipher_suite_headers": null,
            "enable_waf_fail_open": null,
            "enable_xff_client_port": null,
            "id": "arn:aws:elasticloadbalancing:eu-west-1:320413867981:loadbalancer/net/tf-lb-20230716083527110000000001/80b49d678edec318",
            "idle_timeout": null,
            "internal": false,
            "ip_address_type": "ipv4",
            "load_balancer_type": "network",
            "name": "tf-lb-20230716083527110000000001",
            "name_prefix": null,
            "preserve_host_header": null,
            "security_groups": [],
            "subnet_mapping": [
              {
                "allocation_id": "",
                "ipv6_address": "",
                "outpost_id": "",
                "private_ipv4_address": "",
                "subnet_id": "subnet-080e07462be17bfa5"
              },
              {
                "allocation_id": "",
                "ipv6_address": "",
                "outpost_id": "",
                "private_ipv4_address": "",
                "subnet_id": "subnet-08108ebb5481e5592"
              },
              {
                "allocation_id": "",
                "ipv6_address": "",
                "outpost_id": "",
                "private_ipv4_address": "",
                "subnet_id": "subnet-0e27472c727cc7208"
              }
            ],
            "subnets": [
              "subnet-080e07462be17bfa5",
              "subnet-08108ebb5481e5592",
              "subnet-0e27472c727cc7208"
            ],
            "tags": {
              "Name": "ec2-instance-beniaws-nlb-8663",
              "account_id": "320413867981",
              "business_unit": "infrastructure",
              "environment": "beniaws",
              "purpose": "nlb",
              "region": "eu-west-1",
              "service_name": "ec2",
              "service_resource": "instance"
            },
            "tags_all": {
              "Name": "ec2-instance-beniaws-nlb-8663",
              "account_id": "320413867981",
              "business_unit": "infrastructure",
              "environment": "beniaws",
              "purpose": "nlb",
              "region": "eu-west-1",
              "service_name": "ec2",
              "service_resource": "instance"
            },
            "timeouts": null,
            "vpc_id": "vpc-00065dedc78d79f9d",
            "xff_header_processing_mode": null,
            "zone_id": "Z2IFOLAFXWLO4F"
          },
          "sensitive_attributes": [],
          "private": "eyJlMmJmYjczMC1lY2FhLTExZTYtOGY4OC0zNDM2M2JjN2M0YzAiOnsiY3JlYXRlIjo2MDAwMDAwMDAwMDAsImRlbGV0ZSI6NjAwMDAwMDAwMDAwLCJ1cGRhdGUiOjYwMDAwMDAwMDAwMH19",
          "dependencies": [
            "data.aws_ami.ec2_ami_base",
            "random_id.detail"
          ],
          "create_before_destroy": true
        }
      ]
    },
    {
      "mode": "managed",
      "type": "aws_lb_listener",
      "name": "this",
      "provider": "provider[\"registry.terraform.io/hashicorp/aws\"]",
      "instances": [
        {
          "index_key": "0",
          "schema_version": 0,
          "attributes": {
            "alpn_policy": null,
            "arn": "arn:aws:elasticloadbalancing:eu-west-1:320413867981:listener/net/tf-lb-20230716083527110000000001/80b49d678edec318/afa01602020b42fa",
            "certificate_arn": null,
            "default_action": [
              {
                "authenticate_cognito": [],
                "authenticate_oidc": [],
                "fixed_response": [],
                "forward": [],
                "order": 1,
                "redirect": [],
                "target_group_arn": "arn:aws:elasticloadbalancing:eu-west-1:320413867981:targetgroup/tf-2023071608382043170000000a/9acb4e4665545350",
                "type": "forward"
              }
            ],
            "id": "arn:aws:elasticloadbalancing:eu-west-1:320413867981:listener/net/tf-lb-20230716083527110000000001/80b49d678edec318/afa01602020b42fa",
            "load_balancer_arn": "arn:aws:elasticloadbalancing:eu-west-1:320413867981:loadbalancer/net/tf-lb-20230716083527110000000001/80b49d678edec318",
            "port": 22,
            "protocol": "TCP",
            "ssl_policy": "",
            "tags": {},
            "tags_all": {},
            "timeouts": null
          },
          "sensitive_attributes": [],
          "private": "eyJlMmJmYjczMC1lY2FhLTExZTYtOGY4OC0zNDM2M2JjN2M0YzAiOnsicmVhZCI6NjAwMDAwMDAwMDAwfX0=",
          "dependencies": [
            "aws_lb.network",
            "aws_lb_target_group.this",
            "data.aws_ami.ec2_ami_base",
            "random_id.detail"
          ]
        }
      ]
    },
    {
      "mode": "managed",
      "type": "aws_lb_target_group",
      "name": "this",
      "provider": "provider[\"registry.terraform.io/hashicorp/aws\"]",
      "instances": [
        {
          "index_key": "0",
          "schema_version": 0,
          "attributes": {
            "arn": "arn:aws:elasticloadbalancing:eu-west-1:320413867981:targetgroup/tf-2023071608382043170000000a/9acb4e4665545350",
            "arn_suffix": "targetgroup/tf-2023071608382043170000000a/9acb4e4665545350",
            "connection_termination": false,
            "deregistration_delay": "300",
            "health_check": [
              {
                "enabled": true,
                "healthy_threshold": 5,
                "interval": 30,
                "matcher": "",
                "path": "",
                "port": "traffic-port",
                "protocol": "TCP",
                "timeout": 10,
                "unhealthy_threshold": 2
              }
            ],
            "id": "arn:aws:elasticloadbalancing:eu-west-1:320413867981:targetgroup/tf-2023071608382043170000000a/9acb4e4665545350",
            "ip_address_type": "ipv4",
            "lambda_multi_value_headers_enabled": false,
            "load_balancing_algorithm_type": null,
            "load_balancing_cross_zone_enabled": "use_load_balancer_configuration",
            "name": "tf-2023071608382043170000000a",
            "name_prefix": null,
            "port": 22,
            "preserve_client_ip": "true",
            "protocol": "TCP",
            "protocol_version": null,
            "proxy_protocol_v2": false,
            "slow_start": 0,
            "stickiness": [
              {
                "cookie_duration": 0,
                "cookie_name": "",
                "enabled": false,
                "type": "source_ip"
              }
            ],
            "tags": {},
            "tags_all": {},
            "target_failover": [
              {
                "on_deregistration": null,
                "on_unhealthy": null
              }
            ],
            "target_type": "instance",
            "vpc_id": "vpc-00065dedc78d79f9d"
          },
          "sensitive_attributes": [],
          "private": "bnVsbA==",
          "dependencies": [
            "aws_lb.network",
            "data.aws_ami.ec2_ami_base",
            "random_id.detail"
          ],
          "create_before_destroy": true
        }
      ]
    },
    {
      "mode": "managed",
      "type": "aws_lb_target_group_attachment",
      "name": "this",
      "provider": "provider[\"registry.terraform.io/hashicorp/aws\"]",
      "instances": [
        {
          "index_key": "0",
          "schema_version": 0,
          "attributes": {
            "availability_zone": null,
            "id": "arn:aws:elasticloadbalancing:eu-west-1:320413867981:targetgroup/tf-2023071608382043170000000a/9acb4e4665545350-2023071608382175430000000b",
            "port": 22,
            "target_group_arn": "arn:aws:elasticloadbalancing:eu-west-1:320413867981:targetgroup/tf-2023071608382043170000000a/9acb4e4665545350",
            "target_id": "i-0c31296f0472a4d5c"
          },
          "sensitive_attributes": [],
          "private": "bnVsbA==",
          "dependencies": [
            "aws_lb.network",
            "aws_lb_target_group.this",
            "aws_security_group.base",
            "data.aws_ami.ec2_ami_base",
            "data.aws_subnets.filter",
            "data.template_file.cloudinit_provisioner",
            "data.template_file.efs_policy",
            "module.ec2-instance-base.aws_iam_instance_profile.this",
            "module.ec2-instance-base.aws_iam_role.this",
            "module.ec2-instance-base.aws_instance.ignore_ami",
            "module.ec2-instance-base.aws_instance.this",
            "module.ec2-instance-base.aws_spot_instance_request.this",
            "module.ec2-instance-base.data.aws_iam_policy_document.assume_role_policy",
            "module.ec2-instance-base.data.aws_partition.current",
            "module.ec2-instance-base.data.aws_ssm_parameter.this",
            "module.efs_policy.aws_iam_policy.policy",
            "module.iam_role_ec2.aws_iam_role.this",
            "module.iam_role_ec2.data.aws_iam_policy_document.assume_role",
            "module.iam_role_ec2.data.aws_iam_policy_document.assume_role_with_mfa",
            "module.ses_policy.aws_iam_policy.policy",
            "random_id.detail"
          ]
        }
      ]
    },
    {
      "mode": "managed",
      "type": "aws_security_group",
      "name": "base",
      "provider": "provider[\"registry.terraform.io/hashicorp/aws\"]",
      "instances": [
        {
          "schema_version": 1,
          "attributes": {
            "arn": "arn:aws:ec2:eu-west-1:320413867981:security-group/sg-0cd96e931c2701265",
            "description": "EC2 Instance base security group",
            "egress": [
              {
                "cidr_blocks": [
                  "0.0.0.0/0"
                ],
                "description": "Default",
                "from_port": 0,
                "ipv6_cidr_blocks": [],
                "prefix_list_ids": [],
                "protocol": "-1",
                "security_groups": [],
                "self": false,
                "to_port": 0
              }
            ],
            "id": "sg-0cd96e931c2701265",
            "ingress": [
              {
                "cidr_blocks": [
                  "77.225.21.21/32",
                  "37.135.43.0/32"
                ],
                "description": "",
                "from_port": 22,
                "ipv6_cidr_blocks": [],
                "prefix_list_ids": [],
                "protocol": "tcp",
                "security_groups": [],
                "self": false,
                "to_port": 22
              }
            ],
            "name": "ec2-instance-beniaws-nlb-8663",
            "name_prefix": "",
            "owner_id": "320413867981",
            "revoke_rules_on_delete": false,
            "tags": {
              "Name": "ec2-instance-beniaws-nlb-8663",
              "account_id": "320413867981",
              "business_unit": "infrastructure",
              "environment": "beniaws",
              "purpose": "nlb",
              "region": "eu-west-1",
              "service_name": "ec2",
              "service_resource": "instance"
            },
            "tags_all": {
              "Name": "ec2-instance-beniaws-nlb-8663",
              "account_id": "320413867981",
              "business_unit": "infrastructure",
              "environment": "beniaws",
              "purpose": "nlb",
              "region": "eu-west-1",
              "service_name": "ec2",
              "service_resource": "instance"
            },
            "timeouts": null,
            "vpc_id": "vpc-00065dedc78d79f9d"
          },
          "sensitive_attributes": [],
          "private": "eyJlMmJmYjczMC1lY2FhLTExZTYtOGY4OC0zNDM2M2JjN2M0YzAiOnsiY3JlYXRlIjo2MDAwMDAwMDAwMDAsImRlbGV0ZSI6OTAwMDAwMDAwMDAwfSwic2NoZW1hX3ZlcnNpb24iOiIxIn0=",
          "dependencies": [
            "data.aws_ami.ec2_ami_base",
            "random_id.detail"
          ]
        }
      ]
    },
    {
      "mode": "managed",
      "type": "random_id",
      "name": "detail",
      "provider": "provider[\"registry.terraform.io/hashicorp/random\"]",
      "instances": [
        {
          "schema_version": 0,
          "attributes": {
            "b64_std": "hmM=",
            "b64_url": "hmM",
            "byte_length": 2,
            "dec": "34403",
            "hex": "8663",
            "id": "hmM",
            "keepers": {
              "ami_id": "ami-0fdb971723444e986"
            },
            "prefix": null
          },
          "sensitive_attributes": [],
          "dependencies": [
            "data.aws_ami.ec2_ami_base"
          ],
          "create_before_destroy": true
        }
      ]
    },
    {
      "module": "module.ec2-instance-base",
      "mode": "data",
      "type": "aws_partition",
      "name": "current",
      "provider": "provider[\"registry.terraform.io/hashicorp/aws\"]",
      "instances": [
        {
          "schema_version": 0,
          "attributes": {
            "dns_suffix": "amazonaws.com",
            "id": "aws",
            "partition": "aws",
            "reverse_dns_prefix": "com.amazonaws"
          },
          "sensitive_attributes": []
        }
      ]
    },
    {
      "module": "module.ec2-instance-base",
      "mode": "data",
      "type": "aws_ssm_parameter",
      "name": "this",
      "provider": "provider[\"registry.terraform.io/hashicorp/aws\"]",
      "instances": [
        {
          "index_key": 0,
          "schema_version": 0,
          "attributes": {
            "arn": "arn:aws:ssm:eu-west-1::parameter/aws/service/ami-amazon-linux-latest/amzn2-ami-hvm-x86_64-gp2",
            "id": "/aws/service/ami-amazon-linux-latest/amzn2-ami-hvm-x86_64-gp2",
            "name": "/aws/service/ami-amazon-linux-latest/amzn2-ami-hvm-x86_64-gp2",
            "type": "String",
            "value": "ami-0f10a5fd495b3e5f8",
            "version": 90,
            "with_decryption": true
          },
          "sensitive_attributes": []
        }
      ]
    },
    {
      "module": "module.ec2-instance-base",
      "mode": "managed",
      "type": "aws_instance",
      "name": "this",
      "provider": "provider[\"registry.terraform.io/hashicorp/aws\"]",
      "instances": [
        {
          "index_key": 0,
          "schema_version": 1,
          "attributes": {
            "ami": "ami-0fdb971723444e986",
            "arn": "arn:aws:ec2:eu-west-1:320413867981:instance/i-0c31296f0472a4d5c",
            "associate_public_ip_address": false,
            "availability_zone": "eu-west-1a",
            "capacity_reservation_specification": [
              {
                "capacity_reservation_preference": "open",
                "capacity_reservation_target": []
              }
            ],
            "cpu_core_count": 1,
            "cpu_options": [
              {
                "amd_sev_snp": "",
                "core_count": 1,
                "threads_per_core": 2
              }
            ],
            "cpu_threads_per_core": 2,
            "credit_specification": [
              {
                "cpu_credits": "unlimited"
              }
            ],
            "disable_api_stop": false,
            "disable_api_termination": false,
            "ebs_block_device": [],
            "ebs_optimized": false,
            "enclave_options": [
              {
                "enabled": false
              }
            ],
            "ephemeral_block_device": [],
            "get_password_data": false,
            "hibernation": false,
            "host_id": "",
            "host_resource_group_arn": null,
            "iam_instance_profile": "ec2-instance-beniaws-nlb-8663",
            "id": "i-0c31296f0472a4d5c",
            "instance_initiated_shutdown_behavior": "stop",
            "instance_lifecycle": "",
            "instance_market_options": [],
            "instance_state": "running",
            "instance_type": "t3a.small",
            "ipv6_address_count": 0,
            "ipv6_addresses": [],
            "key_name": "beniaws-key",
            "launch_template": [],
            "maintenance_options": [
              {
                "auto_recovery": "default"
              }
            ],
            "metadata_options": [
              {
                "http_endpoint": "enabled",
                "http_put_response_hop_limit": 1,
                "http_tokens": "required",
                "instance_metadata_tags": "disabled"
              }
            ],
            "monitoring": true,
            "network_interface": [],
            "outpost_arn": "",
            "password_data": "",
            "placement_group": "",
            "placement_partition_number": 0,
            "primary_network_interface_id": "eni-004cbcd8bd847e421",
            "private_dns": "ip-172-31-49-123.eu-west-1.compute.internal",
            "private_dns_name_options": [
              {
                "enable_resource_name_dns_a_record": false,
                "enable_resource_name_dns_aaaa_record": false,
                "hostname_type": "ip-name"
              }
            ],
            "private_ip": "172.31.49.123",
            "public_dns": "",
            "public_ip": "",
            "root_block_device": [
              {
                "delete_on_termination": true,
                "device_name": "/dev/xvda",
                "encrypted": true,
                "iops": 3000,
                "kms_key_id": "arn:aws:kms:eu-west-1:320413867981:key/38888541-83fe-49f9-a8a9-c9de265824f3",
                "tags": {},
                "throughput": 125,
                "volume_id": "vol-0cabc178f2b863b62",
                "volume_size": 100,
                "volume_type": "gp3"
              }
            ],
            "secondary_private_ips": [],
            "security_groups": [
              "ec2-instance-beniaws-nlb-8663"
            ],
            "source_dest_check": true,
            "spot_instance_request_id": "",
            "subnet_id": "subnet-0bdacebe2526dc348",
            "tags": {
              "Name": "ec2-instance-beniaws-nlb-8663",
              "account_id": "320413867981",
              "business_unit": "infrastructure",
              "environment": "beniaws",
              "purpose": "nlb",
              "region": "eu-west-1",
              "service_name": "ec2",
              "service_resource": "instance"
            },
            "tags_all": {
              "Name": "ec2-instance-beniaws-nlb-8663",
              "account_id": "320413867981",
              "business_unit": "infrastructure",
              "environment": "beniaws",
              "purpose": "nlb",
              "region": "eu-west-1",
              "service_name": "ec2",
              "service_resource": "instance"
            },
            "tenancy": "default",
            "timeouts": {
              "create": null,
              "delete": null,
              "update": null
            },
            "user_data": null,
            "user_data_base64": "I2Nsb3VkLWNvbmZpZwpwYWNrYWdlX3VwZ3JhZGU6IHRydWUKCnByZXNlcnZlX2hvc3RuYW1lOiBmYWxzZQp0aW1lem9uZTogVVRDCgp1c2VyczoKICAtIGRlZmF1bHQKICAtIG5hbWU6IHNzaC11c2VyCiAgICBwYXNzd2Q6ICQ2JHJvdW5kcz00MDk2JDAuYnpUaGNROXQkZEFBRmpjNmtJRElua3Q0ZzR3aDJTVnpOb2h0REtBRktlM1JyNHpNc3pFS2xBbjlHRmE2czdqL0hTcnkuYlUyNWZQeWx0cVlCWDM1Q3U1WjJlYjZvSS4KICAgICMgc3NoLXVzM3IKICAgIHByaW1hcnlfZ3JvdXA6IHNzaC11c2VyCiAgICBncm91cHM6IHNzaC11c2VyCiAgICBzdWRvOgogICAgICAtIEFMTD0oQUxMKSBOT1BBU1NXRDpBTEwKICAgIGxvY2stcGFzc3dkOiBmYWxzZQogICAgc3NoX3B3YXV0aDogdHJ1ZQogICAgc3NoLWF1dGhvcml6ZWQta2V5czoKICAgICAgLSBzc2gtcnNhIEFBQUFCM056YUMxeWMyRUFBQUFEQVFBQkFBQUJnUUMrSEJjRGFGdE5YVktMTDBjR3RDd1QvbCtIb1VRSUFpVUYrRUx3aFlkSmx6MWNyWkNkWTVVZUJyMU9QT2VvcWpISUdiVnVFeDdSY0hoZ2ZvZVF1dmlidURiVVdqM0JIY3BZR0Z0K00zUitLZ1ZGSVhvWGhNdFExeW1RdWd4NTR3dWJBdHpoVEtldWxlUlo3bXJKOXRnY0U1ZDJtdnFjaXorWGhodzk0ZzR5LzBBd1g2MW1HclNrdTE0RnB2LzV2UkxjQ3NCanQrWmRIeTF4a1FGZVRsbHBZZEptcHpzVGlrUHB5eFloSExjMjE1aVcwRTQrMURISjN5aFpjNHQyUXJLYUxRU1dOaFdJS3RqV1dNY2p1RXEzc1dIUmloNGFUdmhLVEFlTHpXUS81QmRpd0pvazVWV0gyM3NjdzFkUzN5SERtQnNybzNrSk13TW53UTk1NmlheFRHb1dPelVWcjNhL2dadXdUaS9NNG0vcWlIbFI1YzBJVmhiVFhNVnRLRjRyWmhqenljVHV2aG9naTVJSmlPcHJFbGQ5OGRicUYwZHpSMXlzNG5qZzI5MGpNalNNa0tEaE1wbjBVZnFZajh4d0VLalU2enlxTHF6WHE5eXNKQnpFZkF0ZFNiYzlnTHFQNHVVN1N1VVhRUm55c1QwbE5uODdQQXZzTVJTMEhtYz0gYmVuaXRvZGFyZGVyQFdJTkZBQ0UwMQogICAgICAKCgpydW5jbWQ6CiAgLSBzZWQgLWkgJ3MvXlBhc3N3b3JkQXV0aGVudGljYXRpb25cIG5vL1Bhc3N3b3JkQXV0aGVudGljYXRpb25cIHllcy9nJyAvZXRjL3NzaC9zc2hkX2NvbmZpZwogIC0gWy91c3IvYmluL3N5c3RlbWN0bCwgcmVzdGFydCwgc3NoZF0KICAtIHRvdWNoIC9yb290L2luc3RhY2VXYXNIZXJlCg==",
            "user_data_replace_on_change": false,
            "volume_tags": {
              "Name": "ec2-instance-beniaws-nlb-8663",
              "account_id": "320413867981",
              "business_unit": "infrastructure",
              "environment": "beniaws",
              "purpose": "nlb",
              "region": "eu-west-1",
              "service_name": "ec2",
              "service_resource": "instance"
            },
            "vpc_security_group_ids": [
              "sg-0cd96e931c2701265"
            ]
          },
          "sensitive_attributes": [],
          "private": "eyJlMmJmYjczMC1lY2FhLTExZTYtOGY4OC0zNDM2M2JjN2M0YzAiOnsiY3JlYXRlIjo2MDAwMDAwMDAwMDAsImRlbGV0ZSI6MTIwMDAwMDAwMDAwMCwidXBkYXRlIjo2MDAwMDAwMDAwMDB9LCJzY2hlbWFfdmVyc2lvbiI6IjEifQ==",
          "dependencies": [
            "aws_security_group.base",
            "data.aws_ami.ec2_ami_base",
            "data.aws_subnets.filter",
            "data.template_file.cloudinit_provisioner",
            "data.template_file.efs_policy",
            "module.ec2-instance-base.aws_iam_instance_profile.this",
            "module.ec2-instance-base.aws_iam_role.this",
            "module.ec2-instance-base.data.aws_iam_policy_document.assume_role_policy",
            "module.ec2-instance-base.data.aws_partition.current",
            "module.ec2-instance-base.data.aws_ssm_parameter.this",
            "module.efs_policy.aws_iam_policy.policy",
            "module.iam_role_ec2.aws_iam_role.this",
            "module.iam_role_ec2.data.aws_iam_policy_document.assume_role",
            "module.iam_role_ec2.data.aws_iam_policy_document.assume_role_with_mfa",
            "module.ses_policy.aws_iam_policy.policy",
            "random_id.detail"
          ]
        }
      ]
    },
    {
      "module": "module.efs_policy",
      "mode": "managed",
      "type": "aws_iam_policy",
      "name": "policy",
      "provider": "provider[\"registry.terraform.io/hashicorp/aws\"]",
      "instances": [
        {
          "index_key": 0,
          "schema_version": 0,
          "attributes": {
            "arn": "arn:aws:iam::320413867981:policy/efs-beniaws-nlb-8663",
            "description": "Describe EFS filesystems",
            "id": "arn:aws:iam::320413867981:policy/efs-beniaws-nlb-8663",
            "name": "efs-beniaws-nlb-8663",
            "name_prefix": "",
            "path": "/",
            "policy": "{\"Statement\":[{\"Action\":[\"elasticfilesystem:DescribeAccessPoints\",\"elasticfilesystem:DescribeFileSystems\"],\"Effect\":\"Allow\",\"Resource\":\"arn:aws:elasticfilesystem:*:320413867981:file-system/*\",\"Sid\":\"AllowEFSDescribeSystems\"},{\"Action\":\"elasticfilesystem:DescribeAccountPreferences\",\"Effect\":\"Allow\",\"Resource\":\"*\",\"Sid\":\"AllowEFSDescribe\"}],\"Version\":\"2012-10-17\"}",
            "policy_id": "ANPAUVGRHT7GU3WYBTAQN",
            "tags": {
              "Name": "ec2-instance-beniaws-nlb-8663",
              "account_id": "320413867981",
              "business_unit": "infrastructure",
              "environment": "beniaws",
              "purpose": "nlb",
              "region": "eu-west-1",
              "service_name": "ec2",
              "service_resource": "instance"
            },
            "tags_all": {
              "Name": "ec2-instance-beniaws-nlb-8663",
              "account_id": "320413867981",
              "business_unit": "infrastructure",
              "environment": "beniaws",
              "purpose": "nlb",
              "region": "eu-west-1",
              "service_name": "ec2",
              "service_resource": "instance"
            }
          },
          "sensitive_attributes": [],
          "private": "bnVsbA==",
          "dependencies": [
            "data.aws_ami.ec2_ami_base",
            "data.template_file.efs_policy",
            "random_id.detail"
          ]
        }
      ]
    },
    {
      "module": "module.iam_role_ec2",
      "mode": "data",
      "type": "aws_iam_policy_document",
      "name": "assume_role",
      "provider": "provider[\"registry.terraform.io/hashicorp/aws\"]",
      "instances": [
        {
          "index_key": 0,
          "schema_version": 0,
          "attributes": {
            "id": "2572571063",
            "json": "{\n  \"Version\": \"2012-10-17\",\n  \"Statement\": [\n    {\n      \"Effect\": \"Allow\",\n      \"Action\": \"sts:AssumeRole\",\n      \"Principal\": {\n        \"AWS\": [],\n        \"Service\": [\n          \"ssm.amazonaws.com\",\n          \"ec2.amazonaws.com\"\n        ]\n      }\n    }\n  ]\n}",
            "override_policy_documents": null,
            "policy_id": null,
            "source_policy_documents": null,
            "statement": [
              {
                "actions": [
                  "sts:AssumeRole"
                ],
                "condition": [],
                "effect": "Allow",
                "not_actions": [],
                "not_principals": [],
                "not_resources": [],
                "principals": [
                  {
                    "identifiers": [
                      "ec2.amazonaws.com",
                      "ssm.amazonaws.com"
                    ],
                    "type": "Service"
                  },
                  {
                    "identifiers": [],
                    "type": "AWS"
                  }
                ],
                "resources": [],
                "sid": ""
              }
            ],
            "version": "2012-10-17"
          },
          "sensitive_attributes": []
        }
      ]
    },
    {
      "module": "module.iam_role_ec2",
      "mode": "managed",
      "type": "aws_iam_instance_profile",
      "name": "this",
      "provider": "provider[\"registry.terraform.io/hashicorp/aws\"]",
      "instances": [
        {
          "index_key": 0,
          "schema_version": 0,
          "attributes": {
            "arn": "arn:aws:iam::320413867981:instance-profile/ec2-instance-beniaws-nlb-8663",
            "create_date": "2023-07-16T08:35:28Z",
            "id": "ec2-instance-beniaws-nlb-8663",
            "name": "ec2-instance-beniaws-nlb-8663",
            "name_prefix": "",
            "path": "/",
            "role": "ec2-instance-beniaws-nlb-8663",
            "tags": {
              "Name": "ec2-instance-beniaws-nlb-8663",
              "account_id": "320413867981",
              "business_unit": "infrastructure",
              "environment": "beniaws",
              "purpose": "nlb",
              "region": "eu-west-1",
              "service_name": "ec2",
              "service_resource": "instance"
            },
            "tags_all": {
              "Name": "ec2-instance-beniaws-nlb-8663",
              "account_id": "320413867981",
              "business_unit": "infrastructure",
              "environment": "beniaws",
              "purpose": "nlb",
              "region": "eu-west-1",
              "service_name": "ec2",
              "service_resource": "instance"
            },
            "unique_id": "AIPAUVGRHT7GQKY6FKGPO"
          },
          "sensitive_attributes": [],
          "private": "bnVsbA==",
          "dependencies": [
            "data.aws_ami.ec2_ami_base",
            "data.template_file.efs_policy",
            "module.efs_policy.aws_iam_policy.policy",
            "module.iam_role_ec2.aws_iam_role.this",
            "module.iam_role_ec2.data.aws_iam_policy_document.assume_role",
            "module.iam_role_ec2.data.aws_iam_policy_document.assume_role_with_mfa",
            "module.ses_policy.aws_iam_policy.policy",
            "random_id.detail"
          ]
        }
      ]
    },
    {
      "module": "module.iam_role_ec2",
      "mode": "managed",
      "type": "aws_iam_role",
      "name": "this",
      "provider": "provider[\"registry.terraform.io/hashicorp/aws\"]",
      "instances": [
        {
          "index_key": 0,
          "schema_version": 0,
          "attributes": {
            "arn": "arn:aws:iam::320413867981:role/ec2-instance-beniaws-nlb-8663",
            "assume_role_policy": "{\"Statement\":[{\"Action\":\"sts:AssumeRole\",\"Effect\":\"Allow\",\"Principal\":{\"AWS\":[],\"Service\":[\"ssm.amazonaws.com\",\"ec2.amazonaws.com\"]}}],\"Version\":\"2012-10-17\"}",
            "create_date": "2023-07-16T08:35:27Z",
            "description": "",
            "force_detach_policies": false,
            "id": "ec2-instance-beniaws-nlb-8663",
            "inline_policy": [],
            "managed_policy_arns": [
              "arn:aws:iam::320413867981:policy/efs-beniaws-nlb-8663",
              "arn:aws:iam::320413867981:policy/s3-beniaws-nlb-8663",
              "arn:aws:iam::320413867981:policy/sercrets-beniaws-nlb-8663",
              "arn:aws:iam::320413867981:policy/ses-beniaws-nlb-8663",
              "arn:aws:iam::aws:policy/AmazonSSMManagedInstanceCore",
              "arn:aws:iam::aws:policy/service-role/AmazonEC2RoleforSSM",
              "arn:aws:iam::aws:policy/service-role/AmazonSSMAutomationRole"
            ],
            "max_session_duration": 3600,
            "name": "ec2-instance-beniaws-nlb-8663",
            "name_prefix": "",
            "path": "/",
            "permissions_boundary": "",
            "tags": {
              "Name": "ec2-instance-beniaws-nlb-8663",
              "account_id": "320413867981",
              "business_unit": "infrastructure",
              "environment": "beniaws",
              "purpose": "nlb",
              "region": "eu-west-1",
              "service_name": "ec2",
              "service_resource": "instance"
            },
            "tags_all": {
              "Name": "ec2-instance-beniaws-nlb-8663",
              "account_id": "320413867981",
              "business_unit": "infrastructure",
              "environment": "beniaws",
              "purpose": "nlb",
              "region": "eu-west-1",
              "service_name": "ec2",
              "service_resource": "instance"
            },
            "unique_id": "AROAUVGRHT7G3VR53HRS3"
          },
          "sensitive_attributes": [],
          "private": "bnVsbA==",
          "dependencies": [
            "data.aws_ami.ec2_ami_base",
            "data.template_file.efs_policy",
            "module.efs_policy.aws_iam_policy.policy",
            "module.iam_role_ec2.data.aws_iam_policy_document.assume_role",
            "module.iam_role_ec2.data.aws_iam_policy_document.assume_role_with_mfa",
            "module.ses_policy.aws_iam_policy.policy",
            "random_id.detail"
          ]
        }
      ]
    },
    {
      "module": "module.iam_role_ec2",
      "mode": "managed",
      "type": "aws_iam_role_policy_attachment",
      "name": "custom",
      "provider": "provider[\"registry.terraform.io/hashicorp/aws\"]",
      "instances": [
        {
          "index_key": 0,
          "schema_version": 0,
          "attributes": {
            "id": "ec2-instance-beniaws-nlb-8663-20230716083528913000000004",
            "policy_arn": "arn:aws:iam::aws:policy/service-role/AmazonEC2RoleforSSM",
            "role": "ec2-instance-beniaws-nlb-8663"
          },
          "sensitive_attributes": [],
          "private": "bnVsbA==",
          "dependencies": [
            "data.aws_ami.ec2_ami_base",
            "data.template_file.efs_policy",
            "data.template_file.secrets_policy",
            "module.efs_policy.aws_iam_policy.policy",
            "module.iam_role_ec2.aws_iam_role.this",
            "module.iam_role_ec2.data.aws_iam_policy_document.assume_role",
            "module.iam_role_ec2.data.aws_iam_policy_document.assume_role_with_mfa",
            "module.s3_policy.aws_iam_policy.policy",
            "module.secrets_policy.aws_iam_policy.policy",
            "module.ses_policy.aws_iam_policy.policy",
            "random_id.detail"
          ]
        },
        {
          "index_key": 1,
          "schema_version": 0,
          "attributes": {
            "id": "ec2-instance-beniaws-nlb-8663-20230716083529085100000007",
            "policy_arn": "arn:aws:iam::aws:policy/service-role/AmazonSSMAutomationRole",
            "role": "ec2-instance-beniaws-nlb-8663"
          },
          "sensitive_attributes": [],
          "private": "bnVsbA==",
          "dependencies": [
            "data.aws_ami.ec2_ami_base",
            "data.template_file.efs_policy",
            "data.template_file.secrets_policy",
            "module.efs_policy.aws_iam_policy.policy",
            "module.iam_role_ec2.aws_iam_role.this",
            "module.iam_role_ec2.data.aws_iam_policy_document.assume_role",
            "module.iam_role_ec2.data.aws_iam_policy_document.assume_role_with_mfa",
            "module.s3_policy.aws_iam_policy.policy",
            "module.secrets_policy.aws_iam_policy.policy",
            "module.ses_policy.aws_iam_policy.policy",
            "random_id.detail"
          ]
        },
        {
          "index_key": 2,
          "schema_version": 0,
          "attributes": {
            "id": "ec2-instance-beniaws-nlb-8663-20230716083529110300000008",
            "policy_arn": "arn:aws:iam::aws:policy/AmazonSSMManagedInstanceCore",
            "role": "ec2-instance-beniaws-nlb-8663"
          },
          "sensitive_attributes": [],
          "private": "bnVsbA==",
          "dependencies": [
            "data.aws_ami.ec2_ami_base",
            "data.template_file.efs_policy",
            "data.template_file.secrets_policy",
            "module.efs_policy.aws_iam_policy.policy",
            "module.iam_role_ec2.aws_iam_role.this",
            "module.iam_role_ec2.data.aws_iam_policy_document.assume_role",
            "module.iam_role_ec2.data.aws_iam_policy_document.assume_role_with_mfa",
            "module.s3_policy.aws_iam_policy.policy",
            "module.secrets_policy.aws_iam_policy.policy",
            "module.ses_policy.aws_iam_policy.policy",
            "random_id.detail"
          ]
        },
        {
          "index_key": 3,
          "schema_version": 0,
          "attributes": {
            "id": "ec2-instance-beniaws-nlb-8663-20230716083528897000000003",
            "policy_arn": "arn:aws:iam::320413867981:policy/ses-beniaws-nlb-8663",
            "role": "ec2-instance-beniaws-nlb-8663"
          },
          "sensitive_attributes": [],
          "private": "bnVsbA==",
          "dependencies": [
            "data.aws_ami.ec2_ami_base",
            "data.template_file.efs_policy",
            "data.template_file.secrets_policy",
            "module.efs_policy.aws_iam_policy.policy",
            "module.iam_role_ec2.aws_iam_role.this",
            "module.iam_role_ec2.data.aws_iam_policy_document.assume_role",
            "module.iam_role_ec2.data.aws_iam_policy_document.assume_role_with_mfa",
            "module.s3_policy.aws_iam_policy.policy",
            "module.secrets_policy.aws_iam_policy.policy",
            "module.ses_policy.aws_iam_policy.policy",
            "random_id.detail"
          ]
        },
        {
          "index_key": 4,
          "schema_version": 0,
          "attributes": {
            "id": "ec2-instance-beniaws-nlb-8663-20230716083528895100000002",
            "policy_arn": "arn:aws:iam::320413867981:policy/efs-beniaws-nlb-8663",
            "role": "ec2-instance-beniaws-nlb-8663"
          },
          "sensitive_attributes": [],
          "private": "bnVsbA==",
          "dependencies": [
            "data.aws_ami.ec2_ami_base",
            "data.template_file.efs_policy",
            "data.template_file.secrets_policy",
            "module.efs_policy.aws_iam_policy.policy",
            "module.iam_role_ec2.aws_iam_role.this",
            "module.iam_role_ec2.data.aws_iam_policy_document.assume_role",
            "module.iam_role_ec2.data.aws_iam_policy_document.assume_role_with_mfa",
            "module.s3_policy.aws_iam_policy.policy",
            "module.secrets_policy.aws_iam_policy.policy",
            "module.ses_policy.aws_iam_policy.policy",
            "random_id.detail"
          ]
        },
        {
          "index_key": 5,
          "schema_version": 0,
          "attributes": {
            "id": "ec2-instance-beniaws-nlb-8663-20230716083529081200000006",
            "policy_arn": "arn:aws:iam::320413867981:policy/sercrets-beniaws-nlb-8663",
            "role": "ec2-instance-beniaws-nlb-8663"
          },
          "sensitive_attributes": [],
          "private": "bnVsbA==",
          "dependencies": [
            "data.aws_ami.ec2_ami_base",
            "data.template_file.efs_policy",
            "data.template_file.secrets_policy",
            "module.efs_policy.aws_iam_policy.policy",
            "module.iam_role_ec2.aws_iam_role.this",
            "module.iam_role_ec2.data.aws_iam_policy_document.assume_role",
            "module.iam_role_ec2.data.aws_iam_policy_document.assume_role_with_mfa",
            "module.s3_policy.aws_iam_policy.policy",
            "module.secrets_policy.aws_iam_policy.policy",
            "module.ses_policy.aws_iam_policy.policy",
            "random_id.detail"
          ]
        },
        {
          "index_key": 6,
          "schema_version": 0,
          "attributes": {
            "id": "ec2-instance-beniaws-nlb-8663-20230716083528948400000005",
            "policy_arn": "arn:aws:iam::320413867981:policy/s3-beniaws-nlb-8663",
            "role": "ec2-instance-beniaws-nlb-8663"
          },
          "sensitive_attributes": [],
          "private": "bnVsbA==",
          "dependencies": [
            "data.aws_ami.ec2_ami_base",
            "data.template_file.efs_policy",
            "data.template_file.secrets_policy",
            "module.efs_policy.aws_iam_policy.policy",
            "module.iam_role_ec2.aws_iam_role.this",
            "module.iam_role_ec2.data.aws_iam_policy_document.assume_role",
            "module.iam_role_ec2.data.aws_iam_policy_document.assume_role_with_mfa",
            "module.s3_policy.aws_iam_policy.policy",
            "module.secrets_policy.aws_iam_policy.policy",
            "module.ses_policy.aws_iam_policy.policy",
            "random_id.detail"
          ]
        }
      ]
    },
    {
      "module": "module.s3_policy",
      "mode": "managed",
      "type": "aws_iam_policy",
      "name": "policy",
      "provider": "provider[\"registry.terraform.io/hashicorp/aws\"]",
      "instances": [
        {
          "index_key": 0,
          "schema_version": 0,
          "attributes": {
            "arn": "arn:aws:iam::320413867981:policy/s3-beniaws-nlb-8663",
            "description": "R/W access, no full access",
            "id": "arn:aws:iam::320413867981:policy/s3-beniaws-nlb-8663",
            "name": "s3-beniaws-nlb-8663",
            "name_prefix": "",
            "path": "/",
            "policy": "{\"Statement\":[{\"Action\":[\"s3:List*\",\"s3:Get*\",\"s3:Put*\",\"s3:Delete*\"],\"Effect\":\"Allow\",\"Resource\":[\"arn:aws:s3:::*/*\",\"arn:aws:s3:::*\"],\"Sid\":\"POLICYCEDS3\"}],\"Version\":\"2012-10-17\"}",
            "policy_id": "ANPAUVGRHT7G56NZ7ASHW",
            "tags": {
              "Name": "ec2-instance-beniaws-nlb-8663",
              "account_id": "320413867981",
              "business_unit": "infrastructure",
              "environment": "beniaws",
              "purpose": "nlb",
              "region": "eu-west-1",
              "service_name": "ec2",
              "service_resource": "instance"
            },
            "tags_all": {
              "Name": "ec2-instance-beniaws-nlb-8663",
              "account_id": "320413867981",
              "business_unit": "infrastructure",
              "environment": "beniaws",
              "purpose": "nlb",
              "region": "eu-west-1",
              "service_name": "ec2",
              "service_resource": "instance"
            }
          },
          "sensitive_attributes": [],
          "private": "bnVsbA==",
          "dependencies": [
            "data.aws_ami.ec2_ami_base",
            "random_id.detail"
          ]
        }
      ]
    },
    {
      "module": "module.secrets_policy",
      "mode": "managed",
      "type": "aws_iam_policy",
      "name": "policy",
      "provider": "provider[\"registry.terraform.io/hashicorp/aws\"]",
      "instances": [
        {
          "index_key": 0,
          "schema_version": 0,
          "attributes": {
            "arn": "arn:aws:iam::320413867981:policy/sercrets-beniaws-nlb-8663",
            "description": "Get secrets value",
            "id": "arn:aws:iam::320413867981:policy/sercrets-beniaws-nlb-8663",
            "name": "sercrets-beniaws-nlb-8663",
            "name_prefix": "",
            "path": "/",
            "policy": "{\"Statement\":[{\"Action\":[\"secretsmanager:GetSecretValue\"],\"Effect\":\"Allow\",\"Resource\":\"arn:aws:secretsmanager:eu-west-1:320413867981:secret:*\",\"Sid\":\"AllowGetSecretVAlue\"}],\"Version\":\"2012-10-17\"}",
            "policy_id": "ANPAUVGRHT7G3CB26O2Z4",
            "tags": {
              "Name": "ec2-instance-beniaws-nlb-8663",
              "account_id": "320413867981",
              "business_unit": "infrastructure",
              "environment": "beniaws",
              "purpose": "nlb",
              "region": "eu-west-1",
              "service_name": "ec2",
              "service_resource": "instance"
            },
            "tags_all": {
              "Name": "ec2-instance-beniaws-nlb-8663",
              "account_id": "320413867981",
              "business_unit": "infrastructure",
              "environment": "beniaws",
              "purpose": "nlb",
              "region": "eu-west-1",
              "service_name": "ec2",
              "service_resource": "instance"
            }
          },
          "sensitive_attributes": [],
          "private": "bnVsbA==",
          "dependencies": [
            "data.aws_ami.ec2_ami_base",
            "data.template_file.secrets_policy",
            "random_id.detail"
          ]
        }
      ]
    },
    {
      "module": "module.ses_policy",
      "mode": "managed",
      "type": "aws_iam_policy",
      "name": "policy",
      "provider": "provider[\"registry.terraform.io/hashicorp/aws\"]",
      "instances": [
        {
          "index_key": 0,
          "schema_version": 0,
          "attributes": {
            "arn": "arn:aws:iam::320413867981:policy/ses-beniaws-nlb-8663",
            "description": "Send emails with SES",
            "id": "arn:aws:iam::320413867981:policy/ses-beniaws-nlb-8663",
            "name": "ses-beniaws-nlb-8663",
            "name_prefix": "",
            "path": "/",
            "policy": "{\"Id\":\"SESPOLICYEC2\",\"Statement\":[{\"Action\":[\"SES:SendEmail\",\"SES:SendRawEmail\"],\"Effect\":\"Allow\",\"Resource\":\"*\",\"Sid\":\"AuthorizeMarketer\"}],\"Version\":\"2012-10-17\"}",
            "policy_id": "ANPAUVGRHT7GQ2HR4PUPU",
            "tags": {
              "Name": "ec2-instance-beniaws-nlb-8663",
              "account_id": "320413867981",
              "business_unit": "infrastructure",
              "environment": "beniaws",
              "purpose": "nlb",
              "region": "eu-west-1",
              "service_name": "ec2",
              "service_resource": "instance"
            },
            "tags_all": {
              "Name": "ec2-instance-beniaws-nlb-8663",
              "account_id": "320413867981",
              "business_unit": "infrastructure",
              "environment": "beniaws",
              "purpose": "nlb",
              "region": "eu-west-1",
              "service_name": "ec2",
              "service_resource": "instance"
            }
          },
          "sensitive_attributes": [],
          "private": "bnVsbA==",
          "dependencies": [
            "data.aws_ami.ec2_ami_base",
            "random_id.detail"
          ]
        }
      ]
    }
  ],
  "check_results": null
}
